
Microsoft Visual Studio Solution File, Format Version 12.00
# Visual Studio Version 17
VisualStudioVersion = 17.4.33110.190
MinimumVisualStudioVersion = 10.0.40219.1
Project("{FAE04EC0-301F-11D3-BF4B-00C04F79EFBC}") = "DailyDoseCSharp", "DailyDoseCSharp.csproj", "{4915E9B3-0AAF-410F-83C0-B35C5235ACB6}"
EndProject
Global
	GlobalSection(SolutionConfigurationPlatforms) = preSolution
		Debug|Any CPU = Debug|Any CPU
		Release|Any CPU = Release|Any CPU
	EndGlobalSection
	GlobalSection(ProjectConfigurationPlatforms) = postSolution
		{4915E9B3-0AAF-410F-83C0-B35C5235ACB6}.Debug|Any CPU.ActiveCfg = Debug|Any CPU
		{4915E9B3-0AAF-410F-83C0-B35C5235ACB6}.Debug|Any CPU.Build.0 = Debug|Any CPU
		{4915E9B3-0AAF-410F-83C0-B35C5235ACB6}.Release|Any CPU.ActiveCfg = Release|Any CPU
		{4915E9B3-0AAF-410F-83C0-B35C5235ACB6}.Release|Any CPU.Build.0 = Release|Any CPU
	EndGlobalSection
	GlobalSection(SolutionProperties) = preSolution
		HideSolutionNode = FALSE
	EndGlobalSection
	GlobalSection(ExtensibilityGlobals) = postSolution
		SolutionGuid = {FE12D9DB-E40B-4A09-B133-F4681A2C50D0}
	EndGlobalSection
EndGlobal
